
Microsoft Visual Studio Solution File, Format Version 12.00
# Visual Studio Version 17
VisualStudioVersion = 17.11.35303.130
MinimumVisualStudioVersion = 10.0.40219.1
Project("{FAE04EC0-301F-11D3-BF4B-00C04F79EFBC}") = "ss", "ss\ss.csproj", "{AFCE6051-093F-4899-81A5-C61028323FBD}"
EndProject
Global
	GlobalSection(SolutionConfigurationPlatforms) = preSolution
		Debug|Any CPU = Debug|Any CPU
		Release|Any CPU = Release|Any CPU
	EndGlobalSection
	GlobalSection(ProjectConfigurationPlatforms) = postSolution
		{AFCE6051-093F-4899-81A5-C61028323FBD}.Debug|Any CPU.ActiveCfg = Debug|Any CPU
		{AFCE6051-093F-4899-81A5-C61028323FBD}.Debug|Any CPU.Build.0 = Debug|Any CPU
		{AFCE6051-093F-4899-81A5-C61028323FBD}.Release|Any CPU.ActiveCfg = Release|Any CPU
		{AFCE6051-093F-4899-81A5-C61028323FBD}.Release|Any CPU.Build.0 = Release|Any CPU
	EndGlobalSection
	GlobalSection(SolutionProperties) = preSolution
		HideSolutionNode = FALSE
	EndGlobalSection
	GlobalSection(ExtensibilityGlobals) = postSolution
		SolutionGuid = {6190BF63-8199-45D0-AFCD-5553D7FE2716}
	EndGlobalSection
EndGlobal
